
Microsoft Visual Studio Solution File, Format Version 12.00
# Visual Studio Version 17
VisualStudioVersion = 17.4.33205.214
MinimumVisualStudioVersion = 10.0.40219.1
Project("{FAE04EC0-301F-11D3-BF4B-00C04F79EFBC}") = "Walker Game", "Walker Game\Walker Game.csproj", "{872FDFC1-CF11-41C6-A6D8-51E240028F05}"
EndProject
Global
	GlobalSection(SolutionConfigurationPlatforms) = preSolution
		Debug|Any CPU = Debug|Any CPU
		Release|Any CPU = Release|Any CPU
	EndGlobalSection
	GlobalSection(ProjectConfigurationPlatforms) = postSolution
		{872FDFC1-CF11-41C6-A6D8-51E240028F05}.Debug|Any CPU.ActiveCfg = Debug|Any CPU
		{872FDFC1-CF11-41C6-A6D8-51E240028F05}.Debug|Any CPU.Build.0 = Debug|Any CPU
		{872FDFC1-CF11-41C6-A6D8-51E240028F05}.Release|Any CPU.ActiveCfg = Release|Any CPU
		{872FDFC1-CF11-41C6-A6D8-51E240028F05}.Release|Any CPU.Build.0 = Release|Any CPU
	EndGlobalSection
	GlobalSection(SolutionProperties) = preSolution
		HideSolutionNode = FALSE
	EndGlobalSection
	GlobalSection(ExtensibilityGlobals) = postSolution
		SolutionGuid = {8DBB719A-8FD3-43F5-B4B3-CBA65A9B7BDE}
	EndGlobalSection
EndGlobal
